{
  "name": "ninjagoat",
  "version": "5.0.0-rc1",
  "lockfileVersion": 2,
  "requires": true,
  "packages": {
    "": {
      "version": "5.0.0-rc1",
      "dependencies": {
        "bivio": "^0.3.2",
        "history": "^3.2.0",
        "inversify": "^4.3.0",
        "inversify-inject-decorators": "^3.0.1",
        "inversify-logging": "^0.2.0",
        "lodash": "^4.17.5",
        "react-router": "^3.0.0",
        "reflect-metadata": "0.1.8",
        "rxjs": "^6.6.7",
        "uuid": "~2.0.2",
        "whatwg-fetch": "~2.0.1"
      },
      "devDependencies": {
        "@types/expect.js": "~0.3.29",
        "@types/history": "^3.2.0",
        "@types/mocha": "~2.2.33",
        "@types/node": "^15.0.2",
        "@types/react": "16.0.36",
        "@types/react-dom": "16.0.0",
        "@types/react-router": "^3.0.20",
        "expect.js": "~0.3.1",
        "typemoq": "~1.3.1",
        "typescript": "^3.4.5"
      },
      "peerDependencies": {
        "react": "^16.2.0",
        "react-dom": "^16.2.0"
      }
    },
    "node_modules/@types/expect.js": {
      "version": "0.3.29",
      "resolved": "http://tierra-nexus.toptierra.it:8090/repository/global-npm/@types/expect.js/-/expect.js-0.3.29.tgz",
      "integrity": "sha1-KN01kVW4S47LCUr8P0t0wyItyjs=",
      "dev": true
    },
    "node_modules/@types/history": {
      "version": "3.2.4",
      "resolved": "http://tierra-nexus.toptierra.it:8090/repository/global-npm/@types/history/-/history-3.2.4.tgz",
      "integrity": "sha512-q7x8QeCRk2T6DR2UznwYW//mpN5uNlyajkewH2xd1s1ozCS4oHFRg2WMusxwLFlE57EkUYsd/gCapLBYzV3ffg==",
      "dev": true
    },
    "node_modules/@types/mocha": {
      "version": "2.2.48",
      "resolved": "http://tierra-nexus.toptierra.it:8090/repository/global-npm/@types/mocha/-/mocha-2.2.48.tgz",
      "integrity": "sha512-nlK/iyETgafGli8Zh9zJVCTicvU3iajSkRwOh3Hhiva598CMqNJ4NcVCGMTGKpGpTYj/9R8RLzS9NAykSSCqGw==",
      "dev": true
    },
    "node_modules/@types/node": {
      "version": "15.0.2",
      "resolved": "http://tierra-nexus.toptierra.it:8090/repository/global-npm/@types/node/-/node-15.0.2.tgz",
      "integrity": "sha512-p68+a+KoxpoB47015IeYZYRrdqMUcpbK8re/zpFB8Ld46LHC1lPEbp3EXgkEhAYEcPvjJF6ZO+869SQ0aH1dcA==",
      "dev": true
    },
    "node_modules/@types/react": {
      "version": "16.0.36",
      "resolved": "http://tierra-nexus.toptierra.it:8090/repository/global-npm/@types/react/-/react-16.0.36.tgz",
      "integrity": "sha512-q33EVfy4i+fwhM31PL6/c6Job/DyjOiExHuR163bJK3rEMRf2ENkBrN4thQH5cwA+TiiN1vWDZU6D5H1AvQTlA==",
      "dev": true
    },
    "node_modules/@types/react-dom": {
      "version": "16.0.0",
      "resolved": "http://tierra-nexus.toptierra.it:8090/repository/global-npm/@types/react-dom/-/react-dom-16.0.0.tgz",
      "integrity": "sha512-jSddgUWWZmMkU1ULfFg1nrxmK5Isun1D/AxlgsYh68tP7jIG7xOWiRzStRdn7AFXigu3deyeHdchd4aQRUk9DQ==",
      "dev": true,
      "dependencies": {
        "@types/node": "*",
        "@types/react": "*"
      }
    },
    "node_modules/@types/react-router": {
      "version": "3.0.24",
      "resolved": "http://tierra-nexus.toptierra.it:8090/repository/global-npm/@types/react-router/-/react-router-3.0.24.tgz",
      "integrity": "sha512-cSpMXzI0WocB5/UmySAtGlvG5w3m2mNvU6FgYFFWGqt6KywI7Ez+4Z9mEkglcAAGaP+voZjVg+BJP86bkVrSxQ==",
      "dev": true,
      "dependencies": {
        "@types/history": "^3",
        "@types/react": "*"
      }
    },
    "node_modules/bivio": {
      "version": "0.3.2",
      "resolved": "http://tierra-nexus.toptierra.it:8090/repository/global-npm/bivio/-/bivio-0.3.2.tgz",
      "integrity": "sha1-RoD8VR+YJ3kopiXzUPjkVGVWY9k=",
      "dependencies": {
        "@types/lodash": "4.14.43",
        "@types/node": "^6.0.52",
        "envify": "~4.0.0",
        "lodash": "^4.16.6",
        "reflect-metadata": "0.1.8"
      }
    },
    "node_modules/bivio/node_modules/@types/lodash": {
      "version": "4.14.43",
      "resolved": "http://tierra-nexus.toptierra.it:8090/repository/global-npm/@types/lodash/-/lodash-4.14.43.tgz",
      "integrity": "sha1-A3PeQi5w9bzhLBU0AQOjwSbIEIY="
    },
    "node_modules/bivio/node_modules/@types/node": {
      "version": "6.14.13",
      "resolved": "http://tierra-nexus.toptierra.it:8090/repository/global-npm/@types/node/-/node-6.14.13.tgz",
      "integrity": "sha512-J1F0XJ/9zxlZel5ZlbeSuHW2OpabrUAqpFuC2sm2I3by8sERQ8+KCjNKUcq8QHuzpGMWiJpo9ZxeHrqrP2KzQw=="
    },
    "node_modules/create-react-class": {
      "version": "15.7.0",
      "resolved": "http://tierra-nexus.toptierra.it:8090/repository/global-npm/create-react-class/-/create-react-class-15.7.0.tgz",
      "integrity": "sha512-QZv4sFWG9S5RUvkTYWbflxeZX+JG7Cz0Tn33rQBJ+WFQTqTfUTjMjiv9tnfXazjsO5r0KhPs+AqCjyrQX6h2ng==",
      "dependencies": {
        "loose-envify": "^1.3.1",
        "object-assign": "^4.1.1"
      }
    },
    "node_modules/envify": {
      "version": "4.0.0",
      "resolved": "http://tierra-nexus.toptierra.it:8090/repository/global-npm/envify/-/envify-4.0.0.tgz",
      "integrity": "sha1-95E0Pj0RzCnM5BFQMAqK9hxmyrA=",
      "dependencies": {
        "esprima": "~3.1.0",
        "through": "~2.3.4"
      },
      "bin": {
        "envify": "bin/envify"
      }
    },
    "node_modules/esprima": {
      "version": "3.1.3",
      "resolved": "http://tierra-nexus.toptierra.it:8090/repository/global-npm/esprima/-/esprima-3.1.3.tgz",
      "integrity": "sha1-/cpRzuYTOJXjyI1TXOSdv/YqRjM=",
      "bin": {
        "esparse": "bin/esparse.js",
        "esvalidate": "bin/esvalidate.js"
      },
      "engines": {
        "node": ">=4"
      }
    },
    "node_modules/expect.js": {
      "version": "0.3.1",
      "resolved": "http://tierra-nexus.toptierra.it:8090/repository/global-npm/expect.js/-/expect.js-0.3.1.tgz",
      "integrity": "sha1-sKWaDS7/VDdUTr8M6qYBWEHQm1s=",
      "dev": true
    },
    "node_modules/history": {
      "version": "3.3.0",
      "resolved": "http://tierra-nexus.toptierra.it:8090/repository/global-npm/history/-/history-3.3.0.tgz",
      "integrity": "sha1-/O3M6PEpdTcVRdc1RhAzV5ptrpw=",
      "dependencies": {
        "invariant": "^2.2.1",
        "loose-envify": "^1.2.0",
        "query-string": "^4.2.2",
        "warning": "^3.0.0"
      }
    },
    "node_modules/hoist-non-react-statics": {
      "version": "3.3.2",
      "resolved": "http://tierra-nexus.toptierra.it:8090/repository/global-npm/hoist-non-react-statics/-/hoist-non-react-statics-3.3.2.tgz",
      "integrity": "sha512-/gGivxi8JPKWNm/W0jSmzcMPpfpPLc3dY/6GxhX2hQ9iGj3aDfklV4ET7NjKpSinLpJ5vafa9iiGIEZg10SfBw==",
      "dependencies": {
        "react-is": "^16.7.0"
      }
    },
    "node_modules/invariant": {
      "version": "2.2.4",
      "resolved": "http://tierra-nexus.toptierra.it:8090/repository/global-npm/invariant/-/invariant-2.2.4.tgz",
      "integrity": "sha512-phJfQVBuaJM5raOpJjSfkiD6BpbCE4Ns//LaXl6wGYtUBY83nWS6Rf9tXm2e8VaK60JEjYldbPif/A2B1C2gNA==",
      "dependencies": {
        "loose-envify": "^1.0.0"
      }
    },
    "node_modules/inversify": {
      "version": "4.13.0",
      "resolved": "http://tierra-nexus.toptierra.it:8090/repository/global-npm/inversify/-/inversify-4.13.0.tgz",
      "integrity": "sha512-O5d8y7gKtyRwrvTLZzYET3kdFjqUy58sGpBYMARF13mzqDobpfBXVOPLH7HmnD2VR6Q+1HzZtslGvsdQfeb0SA=="
    },
    "node_modules/inversify-inject-decorators": {
      "version": "3.1.0",
      "resolved": "http://tierra-nexus.toptierra.it:8090/repository/global-npm/inversify-inject-decorators/-/inversify-inject-decorators-3.1.0.tgz",
      "integrity": "sha512-/seBlVp5bXrLQS3DpKEmlgeZL6C7Tf/QITd+IMQrbBBGuCbxb7k3hRAWu9XSreNpFzLgSboz3sClLSEmGwHphw=="
    },
    "node_modules/inversify-logging": {
      "version": "0.2.1",
      "resolved": "http://tierra-nexus.toptierra.it:8090/repository/global-npm/inversify-logging/-/inversify-logging-0.2.1.tgz",
      "integrity": "sha1-bIWjegdh3ocjRfq0em4zXvp1rYM=",
      "dependencies": {
        "lodash": "^4.17.5",
        "reflect-metadata": "0.1.8"
      }
    },
    "node_modules/js-tokens": {
      "version": "4.0.0",
      "resolved": "http://tierra-nexus.toptierra.it:8090/repository/global-npm/js-tokens/-/js-tokens-4.0.0.tgz",
      "integrity": "sha512-RdJUflcE3cUzKiMqQgsCu06FPu9UdIJO0beYbPhHN4k6apgJtifcoCtT9bcxOpYBtpD2kCM6Sbzg4CausW/PKQ=="
    },
    "node_modules/lodash": {
      "version": "4.17.21",
      "resolved": "http://tierra-nexus.toptierra.it:8090/repository/global-npm/lodash/-/lodash-4.17.21.tgz",
      "integrity": "sha512-v2kDEe57lecTulaDIuNTPy3Ry4gLGJ6Z1O3vE1krgXZNrsQ+LFTGHVxVjcXPs17LhbZVGedAJv8XZ1tvj5FvSg=="
    },
    "node_modules/loose-envify": {
      "version": "1.4.0",
      "resolved": "http://tierra-nexus.toptierra.it:8090/repository/global-npm/loose-envify/-/loose-envify-1.4.0.tgz",
      "integrity": "sha512-lyuxPGr/Wfhrlem2CL/UcnUc1zcqKAImBDzukY7Y5F/yQiNdko6+fRLevlw1HgMySw7f611UIY408EtxRSoK3Q==",
      "dependencies": {
        "js-tokens": "^3.0.0 || ^4.0.0"
      },
      "bin": {
        "loose-envify": "cli.js"
      }
    },
    "node_modules/object-assign": {
      "version": "4.1.1",
      "resolved": "http://tierra-nexus.toptierra.it:8090/repository/global-npm/object-assign/-/object-assign-4.1.1.tgz",
      "integrity": "sha1-IQmtx5ZYh8/AXLvUQsrIv7s2CGM=",
      "engines": {
        "node": ">=0.10.0"
      }
    },
    "node_modules/postinstall-build": {
      "version": "2.1.3",
      "resolved": "http://tierra-nexus.toptierra.it:8090/repository/global-npm/postinstall-build/-/postinstall-build-2.1.3.tgz",
      "integrity": "sha1-nRiGqylJYZ9MIGr74a6pXevkXJQ=",
      "dev": true,
      "bin": {
        "postinstall-build": "index.js"
      }
    },
    "node_modules/prop-types": {
      "version": "15.7.2",
      "resolved": "http://tierra-nexus.toptierra.it:8090/repository/global-npm/prop-types/-/prop-types-15.7.2.tgz",
      "integrity": "sha512-8QQikdH7//R2vurIJSutZ1smHYTcLpRWEOlHnzcWHmBYrOGUysKwSsrC89BCiFj3CbrfJ/nXFdJepOVrY1GCHQ==",
      "dependencies": {
        "loose-envify": "^1.4.0",
        "object-assign": "^4.1.1",
        "react-is": "^16.8.1"
      }
    },
    "node_modules/query-string": {
      "version": "4.3.4",
      "resolved": "http://tierra-nexus.toptierra.it:8090/repository/global-npm/query-string/-/query-string-4.3.4.tgz",
      "integrity": "sha1-u7aTucqRXCMlFbIosaArYJBD2+s=",
      "dependencies": {
        "object-assign": "^4.1.0",
        "strict-uri-encode": "^1.0.0"
      },
      "engines": {
        "node": ">=0.10.0"
      }
    },
    "node_modules/react": {
      "version": "16.14.0",
      "resolved": "https://tierra-nexus.toptierra.it/repository/global-npm/react/-/react-16.14.0.tgz",
      "integrity": "sha512-0X2CImDkJGApiAlcf0ODKIneSwBPhqJawOa5wCtKbu7ZECrmS26NvtSILynQ66cgkT/RJ4LidJOc3bUESwmU8g==",
      "license": "MIT",
      "peer": true,
      "dependencies": {
        "loose-envify": "^1.1.0",
        "object-assign": "^4.1.1",
        "prop-types": "^15.6.2"
      },
      "engines": {
        "node": ">=0.10.0"
      }
    },
    "node_modules/react-dom": {
      "version": "16.14.0",
      "resolved": "https://tierra-nexus.toptierra.it/repository/global-npm/react-dom/-/react-dom-16.14.0.tgz",
      "integrity": "sha512-1gCeQXDLoIqMgqD3IO2Ah9bnf0w9kzhwN5q4FGnHZ67hBm9yePzB5JJAIQCc8x3pFnNlwFq4RidZggNAAkzWWw==",
      "license": "MIT",
      "peer": true,
      "dependencies": {
        "loose-envify": "^1.1.0",
        "object-assign": "^4.1.1",
        "prop-types": "^15.6.2",
        "scheduler": "^0.19.1"
      },
      "peerDependencies": {
        "react": "^16.14.0"
      }
    },
    "node_modules/react-is": {
      "version": "16.13.1",
      "resolved": "http://tierra-nexus.toptierra.it:8090/repository/global-npm/react-is/-/react-is-16.13.1.tgz",
      "integrity": "sha512-24e6ynE2H+OKt4kqsOvNd8kBpV65zoxbA4BVsEOB3ARVWQki/DHzaUoC5KuON/BiccDaCCTZBuOcfZs70kR8bQ=="
    },
    "node_modules/react-router": {
      "version": "3.2.6",
      "resolved": "http://tierra-nexus.toptierra.it:8090/repository/global-npm/react-router/-/react-router-3.2.6.tgz",
      "integrity": "sha512-nlxtQE8B22hb/JxdaslI1tfZacxFU8x8BJryXOnR2RxB4vc01zuHYAHAIgmBkdk1kzXaA25hZxK6KAH/+CXArw==",
      "dependencies": {
        "create-react-class": "^15.5.1",
        "history": "^3.0.0",
        "hoist-non-react-statics": "^3.3.2",
        "invariant": "^2.2.1",
        "loose-envify": "^1.2.0",
        "prop-types": "^15.7.2",
        "react-is": "^16.13.0",
        "warning": "^3.0.0"
      }
    },
    "node_modules/reflect-metadata": {
      "version": "0.1.8",
      "resolved": "http://tierra-nexus.toptierra.it:8090/repository/global-npm/reflect-metadata/-/reflect-metadata-0.1.8.tgz",
      "integrity": "sha1-ckJtVwtgd242iJaL1auVN6Fc7PY="
    },
    "node_modules/rxjs": {
      "version": "6.6.7",
      "resolved": "http://tierra-nexus.toptierra.it:8090/repository/global-npm/rxjs/-/rxjs-6.6.7.tgz",
      "integrity": "sha512-hTdwr+7yYNIT5n4AMYp85KA6yw2Va0FLa3Rguvbpa4W3I5xynaBZo41cM3XM+4Q6fRMj3sBYIR1VAmZMXYJvRQ==",
      "dependencies": {
        "tslib": "^1.9.0"
      },
      "engines": {
        "npm": ">=2.0.0"
      }
    },
    "node_modules/scheduler": {
      "version": "0.19.1",
      "resolved": "https://tierra-nexus.toptierra.it/repository/global-npm/scheduler/-/scheduler-0.19.1.tgz",
      "integrity": "sha512-n/zwRWRYSUj0/3g/otKDRPMh6qv2SYMWNq85IEa8iZyAv8od9zDYpGSnpBEjNgcMNq6Scbu5KfIPxNF72R/2EA==",
      "license": "MIT",
      "peer": true,
      "dependencies": {
        "loose-envify": "^1.1.0",
        "object-assign": "^4.1.1"
      }
    },
    "node_modules/strict-uri-encode": {
      "version": "1.1.0",
      "resolved": "http://tierra-nexus.toptierra.it:8090/repository/global-npm/strict-uri-encode/-/strict-uri-encode-1.1.0.tgz",
      "integrity": "sha1-J5siXfHVgrH1TmWt3UNS4Y+qBxM=",
      "engines": {
        "node": ">=0.10.0"
      }
    },
    "node_modules/through": {
      "version": "2.3.8",
      "resolved": "http://tierra-nexus.toptierra.it:8090/repository/global-npm/through/-/through-2.3.8.tgz",
      "integrity": "sha1-DdTJ/6q8NXlgsbckEV1+Doai4fU="
    },
    "node_modules/tslib": {
      "version": "1.14.1",
      "resolved": "http://tierra-nexus.toptierra.it:8090/repository/global-npm/tslib/-/tslib-1.14.1.tgz",
      "integrity": "sha512-Xni35NKzjgMrwevysHTCArtLDpPvye8zV/0E4EyYn43P7/7qvQwPh9BGkHewbMulVntbigmcT7rdX3BNo9wRJg=="
    },
    "node_modules/typemoq": {
      "version": "1.3.1",
      "resolved": "http://tierra-nexus.toptierra.it:8090/repository/global-npm/typemoq/-/typemoq-1.3.1.tgz",
      "integrity": "sha1-kHNNhVnqt+qP8QbAuc5f3Y3NsbY=",
      "dev": true,
      "dependencies": {
        "lodash": "^4.16.4",
        "postinstall-build": "^2.1.3"
      },
      "engines": {
        "node": ">=6.0.0"
      }
    },
    "node_modules/typescript": {
      "version": "3.9.9",
      "resolved": "http://tierra-nexus.toptierra.it:8090/repository/global-npm/typescript/-/typescript-3.9.9.tgz",
      "integrity": "sha512-kdMjTiekY+z/ubJCATUPlRDl39vXYiMV9iyeMuEuXZh2we6zz80uovNN2WlAxmmdE/Z/YQe+EbOEXB5RHEED3w==",
      "dev": true,
      "bin": {
        "tsc": "bin/tsc",
        "tsserver": "bin/tsserver"
      },
      "engines": {
        "node": ">=4.2.0"
      }
    },
    "node_modules/uuid": {
      "version": "2.0.3",
      "resolved": "http://tierra-nexus.toptierra.it:8090/repository/global-npm/uuid/-/uuid-2.0.3.tgz",
      "integrity": "sha1-Z+LoY3lyFVMN/zGOW/nc6/1Hsho="
    },
    "node_modules/warning": {
      "version": "3.0.0",
      "resolved": "http://tierra-nexus.toptierra.it:8090/repository/global-npm/warning/-/warning-3.0.0.tgz",
      "integrity": "sha1-MuU3fLVy3kqwR1O9+IIcAe1gW3w=",
      "dependencies": {
        "loose-envify": "^1.0.0"
      }
    },
    "node_modules/whatwg-fetch": {
      "version": "2.0.4",
      "resolved": "http://tierra-nexus.toptierra.it:8090/repository/global-npm/whatwg-fetch/-/whatwg-fetch-2.0.4.tgz",
      "integrity": "sha512-dcQ1GWpOD/eEQ97k66aiEVpNnapVj90/+R+SXTPYGHpYBBypfKJEQjLrvMZ7YXbKm21gXd4NcuxUTjiv1YtLng=="
    }
  },
  "dependencies": {
    "@types/expect.js": {
      "version": "0.3.29",
      "resolved": "http://tierra-nexus.toptierra.it:8090/repository/global-npm/@types/expect.js/-/expect.js-0.3.29.tgz",
      "integrity": "sha1-KN01kVW4S47LCUr8P0t0wyItyjs=",
      "dev": true
    },
    "@types/history": {
      "version": "3.2.4",
      "resolved": "http://tierra-nexus.toptierra.it:8090/repository/global-npm/@types/history/-/history-3.2.4.tgz",
      "integrity": "sha512-q7x8QeCRk2T6DR2UznwYW//mpN5uNlyajkewH2xd1s1ozCS4oHFRg2WMusxwLFlE57EkUYsd/gCapLBYzV3ffg==",
      "dev": true
    },
    "@types/mocha": {
      "version": "2.2.48",
      "resolved": "http://tierra-nexus.toptierra.it:8090/repository/global-npm/@types/mocha/-/mocha-2.2.48.tgz",
      "integrity": "sha512-nlK/iyETgafGli8Zh9zJVCTicvU3iajSkRwOh3Hhiva598CMqNJ4NcVCGMTGKpGpTYj/9R8RLzS9NAykSSCqGw==",
      "dev": true
    },
    "@types/node": {
      "version": "15.0.2",
      "resolved": "http://tierra-nexus.toptierra.it:8090/repository/global-npm/@types/node/-/node-15.0.2.tgz",
      "integrity": "sha512-p68+a+KoxpoB47015IeYZYRrdqMUcpbK8re/zpFB8Ld46LHC1lPEbp3EXgkEhAYEcPvjJF6ZO+869SQ0aH1dcA==",
      "dev": true
    },
    "@types/react": {
      "version": "16.0.36",
      "resolved": "http://tierra-nexus.toptierra.it:8090/repository/global-npm/@types/react/-/react-16.0.36.tgz",
      "integrity": "sha512-q33EVfy4i+fwhM31PL6/c6Job/DyjOiExHuR163bJK3rEMRf2ENkBrN4thQH5cwA+TiiN1vWDZU6D5H1AvQTlA==",
      "dev": true
    },
    "@types/react-dom": {
      "version": "16.0.0",
      "resolved": "http://tierra-nexus.toptierra.it:8090/repository/global-npm/@types/react-dom/-/react-dom-16.0.0.tgz",
      "integrity": "sha512-jSddgUWWZmMkU1ULfFg1nrxmK5Isun1D/AxlgsYh68tP7jIG7xOWiRzStRdn7AFXigu3deyeHdchd4aQRUk9DQ==",
      "dev": true,
      "requires": {
        "@types/node": "*",
        "@types/react": "*"
      }
    },
    "@types/react-router": {
      "version": "3.0.24",
      "resolved": "http://tierra-nexus.toptierra.it:8090/repository/global-npm/@types/react-router/-/react-router-3.0.24.tgz",
      "integrity": "sha512-cSpMXzI0WocB5/UmySAtGlvG5w3m2mNvU6FgYFFWGqt6KywI7Ez+4Z9mEkglcAAGaP+voZjVg+BJP86bkVrSxQ==",
      "dev": true,
      "requires": {
        "@types/history": "^3",
        "@types/react": "*"
      }
    },
    "bivio": {
      "version": "0.3.2",
      "resolved": "http://tierra-nexus.toptierra.it:8090/repository/global-npm/bivio/-/bivio-0.3.2.tgz",
      "integrity": "sha1-RoD8VR+YJ3kopiXzUPjkVGVWY9k=",
      "requires": {
        "@types/lodash": "4.14.43",
        "@types/node": "^6.0.52",
        "envify": "~4.0.0",
        "lodash": "^4.16.6",
        "reflect-metadata": "0.1.8"
      },
      "dependencies": {
        "@types/lodash": {
          "version": "4.14.43",
          "resolved": "http://tierra-nexus.toptierra.it:8090/repository/global-npm/@types/lodash/-/lodash-4.14.43.tgz",
          "integrity": "sha1-A3PeQi5w9bzhLBU0AQOjwSbIEIY="
        },
        "@types/node": {
          "version": "6.14.13",
          "resolved": "http://tierra-nexus.toptierra.it:8090/repository/global-npm/@types/node/-/node-6.14.13.tgz",
          "integrity": "sha512-J1F0XJ/9zxlZel5ZlbeSuHW2OpabrUAqpFuC2sm2I3by8sERQ8+KCjNKUcq8QHuzpGMWiJpo9ZxeHrqrP2KzQw=="
        }
      }
    },
    "create-react-class": {
      "version": "15.7.0",
      "resolved": "http://tierra-nexus.toptierra.it:8090/repository/global-npm/create-react-class/-/create-react-class-15.7.0.tgz",
      "integrity": "sha512-QZv4sFWG9S5RUvkTYWbflxeZX+JG7Cz0Tn33rQBJ+WFQTqTfUTjMjiv9tnfXazjsO5r0KhPs+AqCjyrQX6h2ng==",
      "requires": {
        "loose-envify": "^1.3.1",
        "object-assign": "^4.1.1"
      }
    },
    "envify": {
      "version": "4.0.0",
      "resolved": "http://tierra-nexus.toptierra.it:8090/repository/global-npm/envify/-/envify-4.0.0.tgz",
      "integrity": "sha1-95E0Pj0RzCnM5BFQMAqK9hxmyrA=",
      "requires": {
        "esprima": "~3.1.0",
        "through": "~2.3.4"
      }
    },
    "esprima": {
      "version": "3.1.3",
      "resolved": "http://tierra-nexus.toptierra.it:8090/repository/global-npm/esprima/-/esprima-3.1.3.tgz",
      "integrity": "sha1-/cpRzuYTOJXjyI1TXOSdv/YqRjM="
    },
    "expect.js": {
      "version": "0.3.1",
      "resolved": "http://tierra-nexus.toptierra.it:8090/repository/global-npm/expect.js/-/expect.js-0.3.1.tgz",
      "integrity": "sha1-sKWaDS7/VDdUTr8M6qYBWEHQm1s=",
      "dev": true
    },
    "history": {
      "version": "3.3.0",
      "resolved": "http://tierra-nexus.toptierra.it:8090/repository/global-npm/history/-/history-3.3.0.tgz",
      "integrity": "sha1-/O3M6PEpdTcVRdc1RhAzV5ptrpw=",
      "requires": {
        "invariant": "^2.2.1",
        "loose-envify": "^1.2.0",
        "query-string": "^4.2.2",
        "warning": "^3.0.0"
      }
    },
    "hoist-non-react-statics": {
      "version": "3.3.2",
      "resolved": "http://tierra-nexus.toptierra.it:8090/repository/global-npm/hoist-non-react-statics/-/hoist-non-react-statics-3.3.2.tgz",
      "integrity": "sha512-/gGivxi8JPKWNm/W0jSmzcMPpfpPLc3dY/6GxhX2hQ9iGj3aDfklV4ET7NjKpSinLpJ5vafa9iiGIEZg10SfBw==",
      "requires": {
        "react-is": "^16.7.0"
      }
    },
    "invariant": {
      "version": "2.2.4",
      "resolved": "http://tierra-nexus.toptierra.it:8090/repository/global-npm/invariant/-/invariant-2.2.4.tgz",
      "integrity": "sha512-phJfQVBuaJM5raOpJjSfkiD6BpbCE4Ns//LaXl6wGYtUBY83nWS6Rf9tXm2e8VaK60JEjYldbPif/A2B1C2gNA==",
      "requires": {
        "loose-envify": "^1.0.0"
      }
    },
    "inversify": {
      "version": "4.13.0",
      "resolved": "http://tierra-nexus.toptierra.it:8090/repository/global-npm/inversify/-/inversify-4.13.0.tgz",
      "integrity": "sha512-O5d8y7gKtyRwrvTLZzYET3kdFjqUy58sGpBYMARF13mzqDobpfBXVOPLH7HmnD2VR6Q+1HzZtslGvsdQfeb0SA=="
    },
    "inversify-inject-decorators": {
      "version": "3.1.0",
      "resolved": "http://tierra-nexus.toptierra.it:8090/repository/global-npm/inversify-inject-decorators/-/inversify-inject-decorators-3.1.0.tgz",
      "integrity": "sha512-/seBlVp5bXrLQS3DpKEmlgeZL6C7Tf/QITd+IMQrbBBGuCbxb7k3hRAWu9XSreNpFzLgSboz3sClLSEmGwHphw=="
    },
    "inversify-logging": {
      "version": "0.2.1",
      "resolved": "http://tierra-nexus.toptierra.it:8090/repository/global-npm/inversify-logging/-/inversify-logging-0.2.1.tgz",
      "integrity": "sha1-bIWjegdh3ocjRfq0em4zXvp1rYM=",
      "requires": {
        "lodash": "^4.17.5",
        "reflect-metadata": "0.1.8"
      }
    },
    "js-tokens": {
      "version": "4.0.0",
      "resolved": "http://tierra-nexus.toptierra.it:8090/repository/global-npm/js-tokens/-/js-tokens-4.0.0.tgz",
      "integrity": "sha512-RdJUflcE3cUzKiMqQgsCu06FPu9UdIJO0beYbPhHN4k6apgJtifcoCtT9bcxOpYBtpD2kCM6Sbzg4CausW/PKQ=="
    },
    "lodash": {
      "version": "4.17.21",
      "resolved": "http://tierra-nexus.toptierra.it:8090/repository/global-npm/lodash/-/lodash-4.17.21.tgz",
      "integrity": "sha512-v2kDEe57lecTulaDIuNTPy3Ry4gLGJ6Z1O3vE1krgXZNrsQ+LFTGHVxVjcXPs17LhbZVGedAJv8XZ1tvj5FvSg=="
    },
    "loose-envify": {
      "version": "1.4.0",
      "resolved": "http://tierra-nexus.toptierra.it:8090/repository/global-npm/loose-envify/-/loose-envify-1.4.0.tgz",
      "integrity": "sha512-lyuxPGr/Wfhrlem2CL/UcnUc1zcqKAImBDzukY7Y5F/yQiNdko6+fRLevlw1HgMySw7f611UIY408EtxRSoK3Q==",
      "requires": {
        "js-tokens": "^3.0.0 || ^4.0.0"
      }
    },
    "object-assign": {
      "version": "4.1.1",
      "resolved": "http://tierra-nexus.toptierra.it:8090/repository/global-npm/object-assign/-/object-assign-4.1.1.tgz",
      "integrity": "sha1-IQmtx5ZYh8/AXLvUQsrIv7s2CGM="
    },
    "postinstall-build": {
      "version": "2.1.3",
      "resolved": "http://tierra-nexus.toptierra.it:8090/repository/global-npm/postinstall-build/-/postinstall-build-2.1.3.tgz",
      "integrity": "sha1-nRiGqylJYZ9MIGr74a6pXevkXJQ=",
      "dev": true
    },
    "prop-types": {
      "version": "15.7.2",
      "resolved": "http://tierra-nexus.toptierra.it:8090/repository/global-npm/prop-types/-/prop-types-15.7.2.tgz",
      "integrity": "sha512-8QQikdH7//R2vurIJSutZ1smHYTcLpRWEOlHnzcWHmBYrOGUysKwSsrC89BCiFj3CbrfJ/nXFdJepOVrY1GCHQ==",
      "requires": {
        "loose-envify": "^1.4.0",
        "object-assign": "^4.1.1",
        "react-is": "^16.8.1"
      }
    },
    "query-string": {
      "version": "4.3.4",
      "resolved": "http://tierra-nexus.toptierra.it:8090/repository/global-npm/query-string/-/query-string-4.3.4.tgz",
      "integrity": "sha1-u7aTucqRXCMlFbIosaArYJBD2+s=",
      "requires": {
        "object-assign": "^4.1.0",
        "strict-uri-encode": "^1.0.0"
      }
    },
    "react": {
      "version": "16.14.0",
      "resolved": "https://tierra-nexus.toptierra.it/repository/global-npm/react/-/react-16.14.0.tgz",
      "integrity": "sha512-0X2CImDkJGApiAlcf0ODKIneSwBPhqJawOa5wCtKbu7ZECrmS26NvtSILynQ66cgkT/RJ4LidJOc3bUESwmU8g==",
      "peer": true,
      "requires": {
        "loose-envify": "^1.1.0",
        "object-assign": "^4.1.1",
        "prop-types": "^15.6.2"
      }
    },
    "react-dom": {
      "version": "16.14.0",
      "resolved": "https://tierra-nexus.toptierra.it/repository/global-npm/react-dom/-/react-dom-16.14.0.tgz",
      "integrity": "sha512-1gCeQXDLoIqMgqD3IO2Ah9bnf0w9kzhwN5q4FGnHZ67hBm9yePzB5JJAIQCc8x3pFnNlwFq4RidZggNAAkzWWw==",
      "peer": true,
      "requires": {
        "loose-envify": "^1.1.0",
        "object-assign": "^4.1.1",
        "prop-types": "^15.6.2",
        "scheduler": "^0.19.1"
      }
    },
    "react-is": {
      "version": "16.13.1",
      "resolved": "http://tierra-nexus.toptierra.it:8090/repository/global-npm/react-is/-/react-is-16.13.1.tgz",
      "integrity": "sha512-24e6ynE2H+OKt4kqsOvNd8kBpV65zoxbA4BVsEOB3ARVWQki/DHzaUoC5KuON/BiccDaCCTZBuOcfZs70kR8bQ=="
    },
    "react-router": {
      "version": "3.2.6",
      "resolved": "http://tierra-nexus.toptierra.it:8090/repository/global-npm/react-router/-/react-router-3.2.6.tgz",
      "integrity": "sha512-nlxtQE8B22hb/JxdaslI1tfZacxFU8x8BJryXOnR2RxB4vc01zuHYAHAIgmBkdk1kzXaA25hZxK6KAH/+CXArw==",
      "requires": {
        "create-react-class": "^15.5.1",
        "history": "^3.0.0",
        "hoist-non-react-statics": "^3.3.2",
        "invariant": "^2.2.1",
        "loose-envify": "^1.2.0",
        "prop-types": "^15.7.2",
        "react-is": "^16.13.0",
        "warning": "^3.0.0"
      }
    },
    "reflect-metadata": {
      "version": "0.1.8",
      "resolved": "http://tierra-nexus.toptierra.it:8090/repository/global-npm/reflect-metadata/-/reflect-metadata-0.1.8.tgz",
      "integrity": "sha1-ckJtVwtgd242iJaL1auVN6Fc7PY="
    },
    "rxjs": {
      "version": "6.6.7",
      "resolved": "http://tierra-nexus.toptierra.it:8090/repository/global-npm/rxjs/-/rxjs-6.6.7.tgz",
      "integrity": "sha512-hTdwr+7yYNIT5n4AMYp85KA6yw2Va0FLa3Rguvbpa4W3I5xynaBZo41cM3XM+4Q6fRMj3sBYIR1VAmZMXYJvRQ==",
      "requires": {
        "tslib": "^1.9.0"
      }
    },
    "scheduler": {
      "version": "0.19.1",
      "resolved": "https://tierra-nexus.toptierra.it/repository/global-npm/scheduler/-/scheduler-0.19.1.tgz",
      "integrity": "sha512-n/zwRWRYSUj0/3g/otKDRPMh6qv2SYMWNq85IEa8iZyAv8od9zDYpGSnpBEjNgcMNq6Scbu5KfIPxNF72R/2EA==",
      "peer": true,
      "requires": {
        "loose-envify": "^1.1.0",
        "object-assign": "^4.1.1"
      }
    },
    "strict-uri-encode": {
      "version": "1.1.0",
      "resolved": "http://tierra-nexus.toptierra.it:8090/repository/global-npm/strict-uri-encode/-/strict-uri-encode-1.1.0.tgz",
      "integrity": "sha1-J5siXfHVgrH1TmWt3UNS4Y+qBxM="
    },
    "through": {
      "version": "2.3.8",
      "resolved": "http://tierra-nexus.toptierra.it:8090/repository/global-npm/through/-/through-2.3.8.tgz",
      "integrity": "sha1-DdTJ/6q8NXlgsbckEV1+Doai4fU="
    },
    "tslib": {
      "version": "1.14.1",
      "resolved": "http://tierra-nexus.toptierra.it:8090/repository/global-npm/tslib/-/tslib-1.14.1.tgz",
      "integrity": "sha512-Xni35NKzjgMrwevysHTCArtLDpPvye8zV/0E4EyYn43P7/7qvQwPh9BGkHewbMulVntbigmcT7rdX3BNo9wRJg=="
    },
    "typemoq": {
      "version": "1.3.1",
      "resolved": "http://tierra-nexus.toptierra.it:8090/repository/global-npm/typemoq/-/typemoq-1.3.1.tgz",
      "integrity": "sha1-kHNNhVnqt+qP8QbAuc5f3Y3NsbY=",
      "dev": true,
      "requires": {
        "lodash": "^4.16.4",
        "postinstall-build": "^2.1.3"
      }
    },
    "typescript": {
      "version": "3.9.9",
      "resolved": "http://tierra-nexus.toptierra.it:8090/repository/global-npm/typescript/-/typescript-3.9.9.tgz",
      "integrity": "sha512-kdMjTiekY+z/ubJCATUPlRDl39vXYiMV9iyeMuEuXZh2we6zz80uovNN2WlAxmmdE/Z/YQe+EbOEXB5RHEED3w==",
      "dev": true
    },
    "uuid": {
      "version": "2.0.3",
      "resolved": "http://tierra-nexus.toptierra.it:8090/repository/global-npm/uuid/-/uuid-2.0.3.tgz",
      "integrity": "sha1-Z+LoY3lyFVMN/zGOW/nc6/1Hsho="
    },
    "warning": {
      "version": "3.0.0",
      "resolved": "http://tierra-nexus.toptierra.it:8090/repository/global-npm/warning/-/warning-3.0.0.tgz",
      "integrity": "sha1-MuU3fLVy3kqwR1O9+IIcAe1gW3w=",
      "requires": {
        "loose-envify": "^1.0.0"
      }
    },
    "whatwg-fetch": {
      "version": "2.0.4",
      "resolved": "http://tierra-nexus.toptierra.it:8090/repository/global-npm/whatwg-fetch/-/whatwg-fetch-2.0.4.tgz",
      "integrity": "sha512-dcQ1GWpOD/eEQ97k66aiEVpNnapVj90/+R+SXTPYGHpYBBypfKJEQjLrvMZ7YXbKm21gXd4NcuxUTjiv1YtLng=="
    }
  }
}
